
Microsoft Visual Studio Solution File, Format Version 12.00
# Visual Studio Version 16
VisualStudioVersion = 16.0.30114.105
MinimumVisualStudioVersion = 10.0.40219.1
Project("{FAE04EC0-301F-11D3-BF4B-00C04F79EFBC}") = "Telegram.Gateway.MqttClient", "Telegram.Gateway\Telegram.Gateway.MqttClient.csproj", "{6B34793E-D209-4A6D-AAD7-356EA5DE0925}"
EndProject
Global
	GlobalSection(SolutionConfigurationPlatforms) = preSolution
		Debug|Any CPU = Debug|Any CPU
		Release|Any CPU = Release|Any CPU
	EndGlobalSection
	GlobalSection(ProjectConfigurationPlatforms) = postSolution
		{6B34793E-D209-4A6D-AAD7-356EA5DE0925}.Debug|Any CPU.ActiveCfg = Debug|Any CPU
		{6B34793E-D209-4A6D-AAD7-356EA5DE0925}.Debug|Any CPU.Build.0 = Debug|Any CPU
		{6B34793E-D209-4A6D-AAD7-356EA5DE0925}.Release|Any CPU.ActiveCfg = Release|Any CPU
		{6B34793E-D209-4A6D-AAD7-356EA5DE0925}.Release|Any CPU.Build.0 = Release|Any CPU
	EndGlobalSection
	GlobalSection(SolutionProperties) = preSolution
		HideSolutionNode = FALSE
	EndGlobalSection
	GlobalSection(ExtensibilityGlobals) = postSolution
		SolutionGuid = {CB73707E-C8D5-491A-A1FC-76ED875BB0E8}
	EndGlobalSection
EndGlobal
